
Microsoft Visual Studio Solution File, Format Version 12.00
# Visual Studio 15
VisualStudioVersion = 15.0.28010.2036
MinimumVisualStudioVersion = 10.0.40219.1
Project("{FAE04EC0-301F-11D3-BF4B-00C04F79EFBC}") = "LMS", "LMS\LMS.csproj", "{CD81E473-1B84-46FE-81AF-FA1F153CF38F}"
EndProject
Global
	GlobalSection(SolutionConfigurationPlatforms) = preSolution
		Debug|Any CPU = Debug|Any CPU
		Release|Any CPU = Release|Any CPU
	EndGlobalSection
	GlobalSection(ProjectConfigurationPlatforms) = postSolution
		{CD81E473-1B84-46FE-81AF-FA1F153CF38F}.Debug|Any CPU.ActiveCfg = Debug|Any CPU
		{CD81E473-1B84-46FE-81AF-FA1F153CF38F}.Debug|Any CPU.Build.0 = Debug|Any CPU
		{CD81E473-1B84-46FE-81AF-FA1F153CF38F}.Release|Any CPU.ActiveCfg = Release|Any CPU
		{CD81E473-1B84-46FE-81AF-FA1F153CF38F}.Release|Any CPU.Build.0 = Release|Any CPU
	EndGlobalSection
	GlobalSection(SolutionProperties) = preSolution
		HideSolutionNode = FALSE
	EndGlobalSection
	GlobalSection(ExtensibilityGlobals) = postSolution
		SolutionGuid = {1BCA2674-6D1D-4224-8D5B-48CFF7D34146}
	EndGlobalSection
EndGlobal
